
Microsoft Visual Studio Solution File, Format Version 12.00
Project("{FAE04EC0-301F-11D3-BF4B-00C04F79EFBC}") = "LairBus", "LairBus\LairBus.csproj", "{D7849A9A-45FD-4039-ADC7-FE20122565C5}"
EndProject
Project("{FAE04EC0-301F-11D3-BF4B-00C04F79EFBC}") = "LairMorph", "LairMorph\LairMorph.csproj", "{935FA034-DE20-43E3-BC06-BE4646889F97}"
EndProject
Project("{FAE04EC0-301F-11D3-BF4B-00C04F79EFBC}") = "TestBus", "TestBus\TestBus.csproj", "{6E1A857D-03CB-4D2B-BC64-2F717D06B419}"
EndProject
Global
	GlobalSection(SolutionConfigurationPlatforms) = preSolution
		Debug|Any CPU = Debug|Any CPU
		Release|Any CPU = Release|Any CPU
	EndGlobalSection
	GlobalSection(ProjectConfigurationPlatforms) = postSolution
		{D7849A9A-45FD-4039-ADC7-FE20122565C5}.Debug|Any CPU.ActiveCfg = Debug|Any CPU
		{D7849A9A-45FD-4039-ADC7-FE20122565C5}.Debug|Any CPU.Build.0 = Debug|Any CPU
		{D7849A9A-45FD-4039-ADC7-FE20122565C5}.Release|Any CPU.ActiveCfg = Release|Any CPU
		{D7849A9A-45FD-4039-ADC7-FE20122565C5}.Release|Any CPU.Build.0 = Release|Any CPU
		{935FA034-DE20-43E3-BC06-BE4646889F97}.Debug|Any CPU.ActiveCfg = Debug|Any CPU
		{935FA034-DE20-43E3-BC06-BE4646889F97}.Debug|Any CPU.Build.0 = Debug|Any CPU
		{935FA034-DE20-43E3-BC06-BE4646889F97}.Release|Any CPU.ActiveCfg = Release|Any CPU
		{935FA034-DE20-43E3-BC06-BE4646889F97}.Release|Any CPU.Build.0 = Release|Any CPU
		{6E1A857D-03CB-4D2B-BC64-2F717D06B419}.Debug|Any CPU.ActiveCfg = Debug|Any CPU
		{6E1A857D-03CB-4D2B-BC64-2F717D06B419}.Debug|Any CPU.Build.0 = Debug|Any CPU
		{6E1A857D-03CB-4D2B-BC64-2F717D06B419}.Release|Any CPU.ActiveCfg = Release|Any CPU
		{6E1A857D-03CB-4D2B-BC64-2F717D06B419}.Release|Any CPU.Build.0 = Release|Any CPU
	EndGlobalSection
EndGlobal
